// !$*UTF8*$!
{
	archiveVersion = 1;
	classes = {
	};
	objectVersion = 56;
	objects = {

/* Begin PBXBuildFile section */
		57DEB675295C9CA200707B28 /* AppDelegate.swift in Sources */ = {isa = PBXBuildFile; fileRef = 57DEB674295C9CA200707B28 /* AppDelegate.swift */; };
		57DEB677295C9CA200707B28 /* SceneDelegate.swift in Sources */ = {isa = PBXBuildFile; fileRef = 57DEB676295C9CA200707B28 /* SceneDelegate.swift */; };
		57DEB679295C9CA200707B28 /* ViewController.swift in Sources */ = {isa = PBXBuildFile; fileRef = 57DEB678295C9CA200707B28 /* ViewController.swift */; };
		57DEB67C295C9CA200707B28 /* Main.storyboard in Resources */ = {isa = PBXBuildFile; fileRef = 57DEB67A295C9CA200707B28 /* Main.storyboard */; };
		57DEB67E295C9CA300707B28 /* Assets.xcassets in Resources */ = {isa = PBXBuildFile; fileRef = 57DEB67D295C9CA300707B28 /* Assets.xcassets */; };
		57DEB681295C9CA300707B28 /* LaunchScreen.storyboard in Resources */ = {isa = PBXBuildFile; fileRef = 57DEB67F295C9CA300707B28 /* LaunchScreen.storyboard */; };
		57DEB68C295C9CA300707B28 /* RouterTests.swift in Sources */ = {isa = PBXBuildFile; fileRef = 57DEB68B295C9CA300707B28 /* RouterTests.swift */; };
		57DEB696295C9CA300707B28 /* RouterUITests.swift in Sources */ = {isa = PBXBuildFile; fileRef = 57DEB695295C9CA300707B28 /* RouterUITests.swift */; };
		57DEB698295C9CA300707B28 /* RouterUITestsLaunchTests.swift in Sources */ = {isa = PBXBuildFile; fileRef = 57DEB697295C9CA300707B28 /* RouterUITestsLaunchTests.swift */; };
/* End PBXBuildFile section */

/* Begin PBXContainerItemProxy section */
		57DEB688295C9CA300707B28 /* PBXContainerItemProxy */ = {
			isa = PBXContainerItemProxy;
			containerPortal = 57DEB669295C9CA200707B28 /* Project object */;
			proxyType = 1;
			remoteGlobalIDString = 57DEB670295C9CA200707B28;
			remoteInfo = Router;
		};
		57DEB692295C9CA300707B28 /* PBXContainerItemProxy */ = {
			isa = PBXContainerItemProxy;
			containerPortal = 57DEB669295C9CA200707B28 /* Project object */;
			proxyType = 1;
			remoteGlobalIDString = 57DEB670295C9CA200707B28;
			remoteInfo = Router;
		};
/* End PBXContainerItemProxy section */

/* Begin PBXFileReference section */
		57DEB671295C9CA200707B28 /* Router.app */ = {isa = PBXFileReference; explicitFileType = wrapper.application; includeInIndex = 0; path = Router.app; sourceTree = BUILT_PRODUCTS_DIR; };
		57DEB674295C9CA200707B28 /* AppDelegate.swift */ = {isa = PBXFileReference; lastKnownFileType = sourcecode.swift; path = AppDelegate.swift; sourceTree = "<group>"; };
		57DEB676295C9CA200707B28 /* SceneDelegate.swift */ = {isa = PBXFileReference; lastKnownFileType = sourcecode.swift; path = SceneDelegate.swift; sourceTree = "<group>"; };
		57DEB678295C9CA200707B28 /* ViewController.swift */ = {isa = PBXFileReference; lastKnownFileType = sourcecode.swift; path = ViewController.swift; sourceTree = "<group>"; };
		57DEB67B295C9CA200707B28 /* Base */ = {isa = PBXFileReference; lastKnownFileType = file.storyboard; name = Base; path = Base.lproj/Main.storyboard; sourceTree = "<group>"; };
		57DEB67D295C9CA300707B28 /* Assets.xcassets */ = {isa = PBXFileReference; lastKnownFileType = folder.assetcatalog; path = Assets.xcassets; sourceTree = "<group>"; };
		57DEB680295C9CA300707B28 /* Base */ = {isa = PBXFileReference; lastKnownFileType = file.storyboard; name = Base; path = Base.lproj/LaunchScreen.storyboard; sourceTree = "<group>"; };
		57DEB682295C9CA300707B28 /* Info.plist */ = {isa = PBXFileReference; lastKnownFileType = text.plist.xml; path = Info.plist; sourceTree = "<group>"; };
		57DEB687295C9CA300707B28 /* RouterTests.xctest */ = {isa = PBXFileReference; explicitFileType = wrapper.cfbundle; includeInIndex = 0; path = RouterTests.xctest; sourceTree = BUILT_PRODUCTS_DIR; };
		57DEB68B295C9CA300707B28 /* RouterTests.swift */ = {isa = PBXFileReference; lastKnownFileType = sourcecode.swift; path = RouterTests.swift; sourceTree = "<group>"; };
		57DEB691295C9CA300707B28 /* RouterUITests.xctest */ = {isa = PBXFileReference; explicitFileType = wrapper.cfbundle; includeInIndex = 0; path = RouterUITests.xctest; sourceTree = BUILT_PRODUCTS_DIR; };
		57DEB695295C9CA300707B28 /* RouterUITests.swift */ = {isa = PBXFileReference; lastKnownFileType = sourcecode.swift; path = RouterUITests.swift; sourceTree = "<group>"; };
		57DEB697295C9CA300707B28 /* RouterUITestsLaunchTests.swift */ = {isa = PBXFileReference; lastKnownFileType = sourcecode.swift; path = RouterUITestsLaunchTests.swift; sourceTree = "<group>"; };
/* End PBXFileReference section */

/* Begin PBXFrameworksBuildPhase section */
		57DEB66E295C9CA200707B28 /* Frameworks */ = {
			isa = PBXFrameworksBuildPhase;
			buildActionMask = 2147483647;
			files = (
			);
			runOnlyForDeploymentPostprocessing = 0;
		};
		57DEB684295C9CA300707B28 /* Frameworks */ = {
			isa = PBXFrameworksBuildPhase;
			buildActionMask = 2147483647;
			files = (
			);
			runOnlyForDeploymentPostprocessing = 0;
		};
		57DEB68E295C9CA300707B28 /* Frameworks */ = {
			isa = PBXFrameworksBuildPhase;
			buildActionMask = 2147483647;
			files = (
			);
			runOnlyForDeploymentPostprocessing = 0;
		};
/* End PBXFrameworksBuildPhase section */

/* Begin PBXGroup section */
		57DEB668295C9CA200707B28 = {
			isa = PBXGroup;
			children = (
				57DEB673295C9CA200707B28 /* Router */,
				57DEB68A295C9CA300707B28 /* RouterTests */,
				57DEB694295C9CA300707B28 /* RouterUITests */,
				57DEB672295C9CA200707B28 /* Products */,
			);
			sourceTree = "<group>";
		};
		57DEB672295C9CA200707B28 /* Products */ = {
			isa = PBXGroup;
			children = (
				57DEB671295C9CA200707B28 /* Router.app */,
				57DEB687295C9CA300707B28 /* RouterTests.xctest */,
				57DEB691295C9CA300707B28 /* RouterUITests.xctest */,
			);
			name = Products;
			sourceTree = "<group>";
		};
		57DEB673295C9CA200707B28 /* Router */ = {
			isa = PBXGroup;
			children = (
				57DEB674295C9CA200707B28 /* AppDelegate.swift */,
				57DEB676295C9CA200707B28 /* SceneDelegate.swift */,
				57DEB678295C9CA200707B28 /* ViewController.swift */,
				57DEB67A295C9CA200707B28 /* Main.storyboard */,
				57DEB67D295C9CA300707B28 /* Assets.xcassets */,
				57DEB67F295C9CA300707B28 /* LaunchScreen.storyboard */,
				57DEB682295C9CA300707B28 /* Info.plist */,
			);
			path = Router;
			sourceTree = "<group>";
		};
		57DEB68A295C9CA300707B28 /* RouterTests */ = {
			isa = PBXGroup;
			children = (
				57DEB68B295C9CA300707B28 /* RouterTests.swift */,
			);
			path = RouterTests;
			sourceTree = "<group>";
		};
		57DEB694295C9CA300707B28 /* RouterUITests */ = {
			isa = PBXGroup;
			children = (
				57DEB695295C9CA300707B28 /* RouterUITests.swift */,
				57DEB697295C9CA300707B28 /* RouterUITestsLaunchTests.swift */,
			);
			path = RouterUITests;
			sourceTree = "<group>";
		};
/* End PBXGroup section */

/* Begin PBXNativeTarget section */
		57DEB670295C9CA200707B28 /* Router */ = {
			isa = PBXNativeTarget;
			buildConfigurationList = 57DEB69B295C9CA300707B28 /* Build configuration list for PBXNativeTarget "Router" */;
			buildPhases = (
				57DEB66D295C9CA200707B28 /* Sources */,
				57DEB66E295C9CA200707B28 /* Frameworks */,
				57DEB66F295C9CA200707B28 /* Resources */,
			);
			buildRules = (
			);
			dependencies = (
			);
			name = Router;
			productName = Router;
			productReference = 57DEB671295C9CA200707B28 /* Router.app */;
			productType = "com.apple.product-type.application";
		};
		57DEB686295C9CA300707B28 /* RouterTests */ = {
			isa = PBXNativeTarget;
			buildConfigurationList = 57DEB69E295C9CA300707B28 /* Build configuration list for PBXNativeTarget "RouterTests" */;
			buildPhases = (
				57DEB683295C9CA300707B28 /* Sources */,
				57DEB684295C9CA300707B28 /* Frameworks */,
				57DEB685295C9CA300707B28 /* Resources */,
			);
			buildRules = (
			);
			dependencies = (
				57DEB689295C9CA300707B28 /* PBXTargetDependency */,
			);
			name = RouterTests;
			productName = RouterTests;
			productReference = 57DEB687295C9CA300707B28 /* RouterTests.xctest */;
			productType = "com.apple.product-type.bundle.unit-test";
		};
		57DEB690295C9CA300707B28 /* RouterUITests */ = {
			isa = PBXNativeTarget;
			buildConfigurationList = 57DEB6A1295C9CA300707B28 /* Build configuration list for PBXNativeTarget "RouterUITests" */;
			buildPhases = (
				57DEB68D295C9CA300707B28 /* Sources */,
				57DEB68E295C9CA300707B28 /* Frameworks */,
				57DEB68F295C9CA300707B28 /* Resources */,
			);
			buildRules = (
			);
			dependencies = (
				57DEB693295C9CA300707B28 /* PBXTargetDependency */,
			);
			name = RouterUITests;
			productName = RouterUITests;
			productReference = 57DEB691295C9CA300707B28 /* RouterUITests.xctest */;
			productType = "com.apple.product-type.bundle.ui-testing";
		};
/* End PBXNativeTarget section */

/* Begin PBXProject section */
		57DEB669295C9CA200707B28 /* Project object */ = {
			isa = PBXProject;
			attributes = {
				BuildIndependentTargetsInParallel = 1;
				LastSwiftUpdateCheck = 1420;
				LastUpgradeCheck = 1420;
				TargetAttributes = {
					57DEB670295C9CA200707B28 = {
						CreatedOnToolsVersion = 14.2;
					};
					57DEB686295C9CA300707B28 = {
						CreatedOnToolsVersion = 14.2;
						TestTargetID = 57DEB670295C9CA200707B28;
					};
					57DEB690295C9CA300707B28 = {
						CreatedOnToolsVersion = 14.2;
						TestTargetID = 57DEB670295C9CA200707B28;
					};
				};
			};
			buildConfigurationList = 57DEB66C295C9CA200707B28 /* Build configuration list for PBXProject "Router" */;
			compatibilityVersion = "Xcode 14.0";
			developmentRegion = en;
			hasScannedForEncodings = 0;
			knownRegions = (
				en,
				Base,
			);
			mainGroup = 57DEB668295C9CA200707B28;
			productRefGroup = 57DEB672295C9CA200707B28 /* Products */;
			projectDirPath = "";
			projectRoot = "";
			targets = (
				57DEB670295C9CA200707B28 /* Router */,
				57DEB686295C9CA300707B28 /* RouterTests */,
				57DEB690295C9CA300707B28 /* RouterUITests */,
			);
		};
/* End PBXProject section */

/* Begin PBXResourcesBuildPhase section */
		57DEB66F295C9CA200707B28 /* Resources */ = {
			isa = PBXResourcesBuildPhase;
			buildActionMask = 2147483647;
			files = (
				57DEB681295C9CA300707B28 /* LaunchScreen.storyboard in Resources */,
				57DEB67E295C9CA300707B28 /* Assets.xcassets in Resources */,
				57DEB67C295C9CA200707B28 /* Main.storyboard in Resources */,
			);
			runOnlyForDeploymentPostprocessing = 0;
		};
		57DEB685295C9CA300707B28 /* Resources */ = {
			isa = PBXResourcesBuildPhase;
			buildActionMask = 2147483647;
			files = (
			);
			runOnlyForDeploymentPostprocessing = 0;
		};
		57DEB68F295C9CA300707B28 /* Resources */ = {
			isa = PBXResourcesBuildPhase;
			buildActionMask = 2147483647;
			files = (
			);
			runOnlyForDeploymentPostprocessing = 0;
		};
/* End PBXResourcesBuildPhase section */

/* Begin PBXSourcesBuildPhase section */
		57DEB66D295C9CA200707B28 /* Sources */ = {
			isa = PBXSourcesBuildPhase;
			buildActionMask = 2147483647;
			files = (
				57DEB679295C9CA200707B28 /* ViewController.swift in Sources */,
				57DEB675295C9CA200707B28 /* AppDelegate.swift in Sources */,
				57DEB677295C9CA200707B28 /* SceneDelegate.swift in Sources */,
			);
			runOnlyForDeploymentPostprocessing = 0;
		};
		57DEB683295C9CA300707B28 /* Sources */ = {
			isa = PBXSourcesBuildPhase;
			buildActionMask = 2147483647;
			files = (
				57DEB68C295C9CA300707B28 /* RouterTests.swift in Sources */,
			);
			runOnlyForDeploymentPostprocessing = 0;
		};
		57DEB68D295C9CA300707B28 /* Sources */ = {
			isa = PBXSourcesBuildPhase;
			buildActionMask = 2147483647;
			files = (
				57DEB696295C9CA300707B28 /* RouterUITests.swift in Sources */,
				57DEB698295C9CA300707B28 /* RouterUITestsLaunchTests.swift in Sources */,
			);
			runOnlyForDeploymentPostprocessing = 0;
		};
/* End PBXSourcesBuildPhase section */

/* Begin PBXTargetDependency section */
		57DEB689295C9CA300707B28 /* PBXTargetDependency */ = {
			isa = PBXTargetDependency;
			target = 57DEB670295C9CA200707B28 /* Router */;
			targetProxy = 57DEB688295C9CA300707B28 /* PBXContainerItemProxy */;
		};
		57DEB693295C9CA300707B28 /* PBXTargetDependency */ = {
			isa = PBXTargetDependency;
			target = 57DEB670295C9CA200707B28 /* Router */;
			targetProxy = 57DEB692295C9CA300707B28 /* PBXContainerItemProxy */;
		};
/* End PBXTargetDependency section */

/* Begin PBXVariantGroup section */
		57DEB67A295C9CA200707B28 /* Main.storyboard */ = {
			isa = PBXVariantGroup;
			children = (
				57DEB67B295C9CA200707B28 /* Base */,
			);
			name = Main.storyboard;
			sourceTree = "<group>";
		};
		57DEB67F295C9CA300707B28 /* LaunchScreen.storyboard */ = {
			isa = PBXVariantGroup;
			children = (
				57DEB680295C9CA300707B28 /* Base */,
			);
			name = LaunchScreen.storyboard;
			sourceTree = "<group>";
		};
/* End PBXVariantGroup section */

/* Begin XCBuildConfiguration section */
		57DEB699295C9CA300707B28 /* Debug */ = {
			isa = XCBuildConfiguration;
			buildSettings = {
				ALWAYS_SEARCH_USER_PATHS = NO;
				CLANG_ANALYZER_NONNULL = YES;
				CLANG_ANALYZER_NUMBER_OBJECT_CONVERSION = YES_AGGRESSIVE;
				CLANG_CXX_LANGUAGE_STANDARD = "gnu++20";
				CLANG_ENABLE_MODULES = YES;
				CLANG_ENABLE_OBJC_ARC = YES;
				CLANG_ENABLE_OBJC_WEAK = YES;
				CLANG_WARN_BLOCK_CAPTURE_AUTORELEASING = YES;
				CLANG_WARN_BOOL_CONVERSION = YES;
				CLANG_WARN_COMMA = YES;
				CLANG_WARN_CONSTANT_CONVERSION = YES;
				CLANG_WARN_DEPRECATED_OBJC_IMPLEMENTATIONS = YES;
				CLANG_WARN_DIRECT_OBJC_ISA_USAGE = YES_ERROR;
				CLANG_WARN_DOCUMENTATION_COMMENTS = YES;
				CLANG_WARN_EMPTY_BODY = YES;
				CLANG_WARN_ENUM_CONVERSION = YES;
				CLANG_WARN_INFINITE_RECURSION = YES;
				CLANG_WARN_INT_CONVERSION = YES;
				CLANG_WARN_NON_LITERAL_NULL_CONVERSION = YES;
				CLANG_WARN_OBJC_IMPLICIT_RETAIN_SELF = YES;
				CLANG_WARN_OBJC_LITERAL_CONVERSION = YES;
				CLANG_WARN_OBJC_ROOT_CLASS = YES_ERROR;
				CLANG_WARN_QUOTED_INCLUDE_IN_FRAMEWORK_HEADER = YES;
				CLANG_WARN_RANGE_LOOP_ANALYSIS = YES;
				CLANG_WARN_STRICT_PROTOTYPES = YES;
				CLANG_WARN_SUSPICIOUS_MOVE = YES;
				CLANG_WARN_UNGUARDED_AVAILABILITY = YES_AGGRESSIVE;
				CLANG_WARN_UNREACHABLE_CODE = YES;
				CLANG_WARN__DUPLICATE_METHOD_MATCH = YES;
				COPY_PHASE_STRIP = NO;
				DEBUG_INFORMATION_FORMAT = dwarf;
				ENABLE_STRICT_OBJC_MSGSEND = YES;
				ENABLE_TESTABILITY = YES;
				GCC_C_LANGUAGE_STANDARD = gnu11;
				GCC_DYNAMIC_NO_PIC = NO;
				GCC_NO_COMMON_BLOCKS = YES;
				GCC_OPTIMIZATION_LEVEL = 0;
				GCC_PREPROCESSOR_DEFINITIONS = (
					"DEBUG=1",
					"$(inherited)",
				);
				GCC_WARN_64_TO_32_BIT_CONVERSION = YES;
				GCC_WARN_ABOUT_RETURN_TYPE = YES_ERROR;
				GCC_WARN_UNDECLARED_SELECTOR = YES;
				GCC_WARN_UNINITIALIZED_AUTOS = YES_AGGRESSIVE;
				GCC_WARN_UNUSED_FUNCTION = YES;
				GCC_WARN_UNUSED_VARIABLE = YES;
				IPHONEOS_DEPLOYMENT_TARGET = 16.2;
				MTL_ENABLE_DEBUG_INFO = INCLUDE_SOURCE;
				MTL_FAST_MATH = YES;
				ONLY_ACTIVE_ARCH = YES;
				SDKROOT = iphoneos;
				SWIFT_ACTIVE_COMPILATION_CONDITIONS = DEBUG;
				SWIFT_OPTIMIZATION_LEVEL = "-Onone";
			};
			name = Debug;
		};
		57DEB69A295C9CA300707B28 /* Release */ = {
			isa = XCBuildConfiguration;
			buildSettings = {
				ALWAYS_SEARCH_USER_PATHS = NO;
				CLANG_ANALYZER_NONNULL = YES;
				CLANG_ANALYZER_NUMBER_OBJECT_CONVERSION = YES_AGGRESSIVE;
				CLANG_CXX_LANGUAGE_STANDARD = "gnu++20";
				CLANG_ENABLE_MODULES = YES;
				CLANG_ENABLE_OBJC_ARC = YES;
				CLANG_ENABLE_OBJC_WEAK = YES;
				CLANG_WARN_BLOCK_CAPTURE_AUTORELEASING = YES;
				CLANG_WARN_BOOL_CONVERSION = YES;
				CLANG_WARN_COMMA = YES;
				CLANG_WARN_CONSTANT_CONVERSION = YES;
				CLANG_WARN_DEPRECATED_OBJC_IMPLEMENTATIONS = YES;
				CLANG_WARN_DIRECT_OBJC_ISA_USAGE = YES_ERROR;
				CLANG_WARN_DOCUMENTATION_COMMENTS = YES;
				CLANG_WARN_EMPTY_BODY = YES;
				CLANG_WARN_ENUM_CONVERSION = YES;
				CLANG_WARN_INFINITE_RECURSION = YES;
				CLANG_WARN_INT_CONVERSION = YES;
				CLANG_WARN_NON_LITERAL_NULL_CONVERSION = YES;
				CLANG_WARN_OBJC_IMPLICIT_RETAIN_SELF = YES;
				CLANG_WARN_OBJC_LITERAL_CONVERSION = YES;
				CLANG_WARN_OBJC_ROOT_CLASS = YES_ERROR;
				CLANG_WARN_QUOTED_INCLUDE_IN_FRAMEWORK_HEADER = YES;
				CLANG_WARN_RANGE_LOOP_ANALYSIS = YES;
				CLANG_WARN_STRICT_PROTOTYPES = YES;
				CLANG_WARN_SUSPICIOUS_MOVE = YES;
				CLANG_WARN_UNGUARDED_AVAILABILITY = YES_AGGRESSIVE;
				CLANG_WARN_UNREACHABLE_CODE = YES;
				CLANG_WARN__DUPLICATE_METHOD_MATCH = YES;
				COPY_PHASE_STRIP = NO;
				DEBUG_INFORMATION_FORMAT = "dwarf-with-dsym";
				ENABLE_NS_ASSERTIONS = NO;
				ENABLE_STRICT_OBJC_MSGSEND = YES;
				GCC_C_LANGUAGE_STANDARD = gnu11;
				GCC_NO_COMMON_BLOCKS = YES;
				GCC_WARN_64_TO_32_BIT_CONVERSION = YES;
				GCC_WARN_ABOUT_RETURN_TYPE = YES_ERROR;
				GCC_WARN_UNDECLARED_SELECTOR = YES;
				GCC_WARN_UNINITIALIZED_AUTOS = YES_AGGRESSIVE;
				GCC_WARN_UNUSED_FUNCTION = YES;
				GCC_WARN_UNUSED_VARIABLE = YES;
				IPHONEOS_DEPLOYMENT_TARGET = 16.2;
				MTL_ENABLE_DEBUG_INFO = NO;
				MTL_FAST_MATH = YES;
				SDKROOT = iphoneos;
				SWIFT_COMPILATION_MODE = wholemodule;
				SWIFT_OPTIMIZATION_LEVEL = "-O";
				VALIDATE_PRODUCT = YES;
			};
			name = Release;
		};
		57DEB69C295C9CA300707B28 /* Debug */ = {
			isa = XCBuildConfiguration;
			buildSettings = {
				ASSETCATALOG_COMPILER_APPICON_NAME = AppIcon;
				ASSETCATALOG_COMPILER_GLOBAL_ACCENT_COLOR_NAME = AccentColor;
				CODE_SIGN_STYLE = Automatic;
				CURRENT_PROJECT_VERSION = 1;
				DEVELOPMENT_TEAM = 8GW3WFYASG;
				GENERATE_INFOPLIST_FILE = YES;
				INFOPLIST_FILE = Router/Info.plist;
				INFOPLIST_KEY_UIApplicationSupportsIndirectInputEvents = YES;
				INFOPLIST_KEY_UILaunchStoryboardName = LaunchScreen;
				INFOPLIST_KEY_UIMainStoryboardFile = Main;
				INFOPLIST_KEY_UISupportedInterfaceOrientations_iPad = "UIInterfaceOrientationPortrait UIInterfaceOrientationPortraitUpsideDown UIInterfaceOrientationLandscapeLeft UIInterfaceOrientationLandscapeRight";
				INFOPLIST_KEY_UISupportedInterfaceOrientations_iPhone = "UIInterfaceOrientationPortrait UIInterfaceOrientationLandscapeLeft UIInterfaceOrientationLandscapeRight";
				LD_RUNPATH_SEARCH_PATHS = (
					"$(inherited)",
					"@executable_path/Frameworks",
				);
				MARKETING_VERSION = 1.0;
				PRODUCT_BUNDLE_IDENTIFIER = AP.Router;
				PRODUCT_NAME = "$(TARGET_NAME)";
				SWIFT_EMIT_LOC_STRINGS = YES;
				SWIFT_VERSION = 5.0;
				TARGETED_DEVICE_FAMILY = "1,2";
			};
			name = Debug;
		};
		57DEB69D295C9CA300707B28 /* Release */ = {
			isa = XCBuildConfiguration;
			buildSettings = {
				ASSETCATALOG_COMPILER_APPICON_NAME = AppIcon;
				ASSETCATALOG_COMPILER_GLOBAL_ACCENT_COLOR_NAME = AccentColor;
				CODE_SIGN_STYLE = Automatic;
				CURRENT_PROJECT_VERSION = 1;
				DEVELOPMENT_TEAM = 8GW3WFYASG;
				GENERATE_INFOPLIST_FILE = YES;
				INFOPLIST_FILE = Router/Info.plist;
				INFOPLIST_KEY_UIApplicationSupportsIndirectInputEvents = YES;
				INFOPLIST_KEY_UILaunchStoryboardName = LaunchScreen;
				INFOPLIST_KEY_UIMainStoryboardFile = Main;
				INFOPLIST_KEY_UISupportedInterfaceOrientations_iPad = "UIInterfaceOrientationPortrait UIInterfaceOrientationPortraitUpsideDown UIInterfaceOrientationLandscapeLeft UIInterfaceOrientationLandscapeRight";
				INFOPLIST_KEY_UISupportedInterfaceOrientations_iPhone = "UIInterfaceOrientationPortrait UIInterfaceOrientationLandscapeLeft UIInterfaceOrientationLandscapeRight";
				LD_RUNPATH_SEARCH_PATHS = (
					"$(inherited)",
					"@executable_path/Frameworks",
				);
				MARKETING_VERSION = 1.0;
				PRODUCT_BUNDLE_IDENTIFIER = AP.Router;
				PRODUCT_NAME = "$(TARGET_NAME)";
				SWIFT_EMIT_LOC_STRINGS = YES;
				SWIFT_VERSION = 5.0;
				TARGETED_DEVICE_FAMILY = "1,2";
			};
			name = Release;
		};
		57DEB69F295C9CA300707B28 /* Debug */ = {
			isa = XCBuildConfiguration;
			buildSettings = {
				ALWAYS_EMBED_SWIFT_STANDARD_LIBRARIES = YES;
				BUNDLE_LOADER = "$(TEST_HOST)";
				CODE_SIGN_STYLE = Automatic;
				CURRENT_PROJECT_VERSION = 1;
				DEVELOPMENT_TEAM = 8GW3WFYASG;
				GENERATE_INFOPLIST_FILE = YES;
				IPHONEOS_DEPLOYMENT_TARGET = 16.2;
				MARKETING_VERSION = 1.0;
				PRODUCT_BUNDLE_IDENTIFIER = AP.RouterTests;
				PRODUCT_NAME = "$(TARGET_NAME)";
				SWIFT_EMIT_LOC_STRINGS = NO;
				SWIFT_VERSION = 5.0;
				TARGETED_DEVICE_FAMILY = "1,2";
				TEST_HOST = "$(BUILT_PRODUCTS_DIR)/Router.app/$(BUNDLE_EXECUTABLE_FOLDER_PATH)/Router";
			};
			name = Debug;
		};
		57DEB6A0295C9CA300707B28 /* Release */ = {
			isa = XCBuildConfiguration;
			buildSettings = {
				ALWAYS_EMBED_SWIFT_STANDARD_LIBRARIES = YES;
				BUNDLE_LOADER = "$(TEST_HOST)";
				CODE_SIGN_STYLE = Automatic;
				CURRENT_PROJECT_VERSION = 1;
				DEVELOPMENT_TEAM = 8GW3WFYASG;
				GENERATE_INFOPLIST_FILE = YES;
				IPHONEOS_DEPLOYMENT_TARGET = 16.2;
				MARKETING_VERSION = 1.0;
				PRODUCT_BUNDLE_IDENTIFIER = AP.RouterTests;
				PRODUCT_NAME = "$(TARGET_NAME)";
				SWIFT_EMIT_LOC_STRINGS = NO;
				SWIFT_VERSION = 5.0;
				TARGETED_DEVICE_FAMILY = "1,2";
				TEST_HOST = "$(BUILT_PRODUCTS_DIR)/Router.app/$(BUNDLE_EXECUTABLE_FOLDER_PATH)/Router";
			};
			name = Release;
		};
		57DEB6A2295C9CA300707B28 /* Debug */ = {
			isa = XCBuildConfiguration;
			buildSettings = {
				ALWAYS_EMBED_SWIFT_STANDARD_LIBRARIES = YES;
				CODE_SIGN_STYLE = Automatic;
				CURRENT_PROJECT_VERSION = 1;
				DEVELOPMENT_TEAM = 8GW3WFYASG;
				GENERATE_INFOPLIST_FILE = YES;
				MARKETING_VERSION = 1.0;
				PRODUCT_BUNDLE_IDENTIFIER = AP.RouterUITests;
				PRODUCT_NAME = "$(TARGET_NAME)";
				SWIFT_EMIT_LOC_STRINGS = NO;
				SWIFT_VERSION = 5.0;
				TARGETED_DEVICE_FAMILY = "1,2";
				TEST_TARGET_NAME = Router;
			};
			name = Debug;
		};
		57DEB6A3295C9CA300707B28 /* Release */ = {
			isa = XCBuildConfiguration;
			buildSettings = {
				ALWAYS_EMBED_SWIFT_STANDARD_LIBRARIES = YES;
				CODE_SIGN_STYLE = Automatic;
				CURRENT_PROJECT_VERSION = 1;
				DEVELOPMENT_TEAM = 8GW3WFYASG;
				GENERATE_INFOPLIST_FILE = YES;
				MARKETING_VERSION = 1.0;
				PRODUCT_BUNDLE_IDENTIFIER = AP.RouterUITests;
				PRODUCT_NAME = "$(TARGET_NAME)";
				SWIFT_EMIT_LOC_STRINGS = NO;
				SWIFT_VERSION = 5.0;
				TARGETED_DEVICE_FAMILY = "1,2";
				TEST_TARGET_NAME = Router;
			};
			name = Release;
		};
/* End XCBuildConfiguration section */

/* Begin XCConfigurationList section */
		57DEB66C295C9CA200707B28 /* Build configuration list for PBXProject "Router" */ = {
			isa = XCConfigurationList;
			buildConfigurations = (
				57DEB699295C9CA300707B28 /* Debug */,
				57DEB69A295C9CA300707B28 /* Release */,
			);
			defaultConfigurationIsVisible = 0;
			defaultConfigurationName = Release;
		};
		57DEB69B295C9CA300707B28 /* Build configuration list for PBXNativeTarget "Router" */ = {
			isa = XCConfigurationList;
			buildConfigurations = (
				57DEB69C295C9CA300707B28 /* Debug */,
				57DEB69D295C9CA300707B28 /* Release */,
			);
			defaultConfigurationIsVisible = 0;
			defaultConfigurationName = Release;
		};
		57DEB69E295C9CA300707B28 /* Build configuration list for PBXNativeTarget "RouterTests" */ = {
			isa = XCConfigurationList;
			buildConfigurations = (
				57DEB69F295C9CA300707B28 /* Debug */,
				57DEB6A0295C9CA300707B28 /* Release */,
			);
			defaultConfigurationIsVisible = 0;
			defaultConfigurationName = Release;
		};
		57DEB6A1295C9CA300707B28 /* Build configuration list for PBXNativeTarget "RouterUITests" */ = {
			isa = XCConfigurationList;
			buildConfigurations = (
				57DEB6A2295C9CA300707B28 /* Debug */,
				57DEB6A3295C9CA300707B28 /* Release */,
			);
			defaultConfigurationIsVisible = 0;
			defaultConfigurationName = Release;
		};
/* End XCConfigurationList section */
	};
	rootObject = 57DEB669295C9CA200707B28 /* Project object */;
}
